// !$*UTF8*$!
{
	archiveVersion = 1;
	classes = {
	};
	objectVersion = 46;
	objects = {

/* Begin PBXBuildFile section */
		11D906921A2DAA2100EE43F2 /* main.cpp in Sources */ = {isa = PBXBuildFile; fileRef = 11D906911A2DAA2100EE43F2 /* main.cpp */; };
		11D9069A1A2DAA7F00EE43F2 /* BmiProfile.cpp in Sources */ = {isa = PBXBuildFile; fileRef = 11D906981A2DAA7F00EE43F2 /* BmiProfile.cpp */; };
/* End PBXBuildFile section */

/* Begin PBXCopyFilesBuildPhase section */
		11D9068C1A2DAA2100EE43F2 /* CopyFiles */ = {
			isa = PBXCopyFilesBuildPhase;
			buildActionMask = 2147483647;
			dstPath = /usr/share/man/man1/;
			dstSubfolderSpec = 0;
			files = (
			);
			runOnlyForDeploymentPostprocessing = 1;
		};
/* End PBXCopyFilesBuildPhase section */

/* Begin PBXFileReference section */
		11D9068E1A2DAA2100EE43F2 /* BmiApp */ = {isa = PBXFileReference; explicitFileType = "compiled.mach-o.executable"; includeInIndex = 0; path = BmiApp; sourceTree = BUILT_PRODUCTS_DIR; };
		11D906911A2DAA2100EE43F2 /* main.cpp */ = {isa = PBXFileReference; lastKnownFileType = sourcecode.cpp.cpp; path = main.cpp; sourceTree = "<group>"; };
		11D906981A2DAA7F00EE43F2 /* BmiProfile.cpp */ = {isa = PBXFileReference; fileEncoding = 4; lastKnownFileType = sourcecode.cpp.cpp; path = BmiProfile.cpp; sourceTree = "<group>"; };
		11D906991A2DAA7F00EE43F2 /* BmiProfile.h */ = {isa = PBXFileReference; fileEncoding = 4; lastKnownFileType = sourcecode.c.h; path = BmiProfile.h; sourceTree = "<group>"; };
/* End PBXFileReference section */

/* Begin PBXFrameworksBuildPhase section */
		11D9068B1A2DAA2100EE43F2 /* Frameworks */ = {
			isa = PBXFrameworksBuildPhase;
			buildActionMask = 2147483647;
			files = (
			);
			runOnlyForDeploymentPostprocessing = 0;
		};
/* End PBXFrameworksBuildPhase section */

/* Begin PBXGroup section */
		11D906851A2DAA2100EE43F2 = {
			isa = PBXGroup;
			children = (
				11D906901A2DAA2100EE43F2 /* BmiApp */,
				11D9068F1A2DAA2100EE43F2 /* Products */,
			);
			sourceTree = "<group>";
		};
		11D9068F1A2DAA2100EE43F2 /* Products */ = {
			isa = PBXGroup;
			children = (
				11D9068E1A2DAA2100EE43F2 /* BmiApp */,
			);
			name = Products;
			sourceTree = "<group>";
		};
		11D906901A2DAA2100EE43F2 /* BmiApp */ = {
			isa = PBXGroup;
			children = (
				11D906911A2DAA2100EE43F2 /* main.cpp */,
				11D906981A2DAA7F00EE43F2 /* BmiProfile.cpp */,
				11D906991A2DAA7F00EE43F2 /* BmiProfile.h */,
			);
			path = BmiApp;
			sourceTree = "<group>";
		};
/* End PBXGroup section */

/* Begin PBXNativeTarget section */
		11D9068D1A2DAA2100EE43F2 /* BmiApp */ = {
			isa = PBXNativeTarget;
			buildConfigurationList = 11D906951A2DAA2100EE43F2 /* Build configuration list for PBXNativeTarget "BmiApp" */;
			buildPhases = (
				11D9068A1A2DAA2100EE43F2 /* Sources */,
				11D9068B1A2DAA2100EE43F2 /* Frameworks */,
				11D9068C1A2DAA2100EE43F2 /* CopyFiles */,
			);
			buildRules = (
			);
			dependencies = (
			);
			name = BmiApp;
			productName = BmiApp;
			productReference = 11D9068E1A2DAA2100EE43F2 /* BmiApp */;
			productType = "com.apple.product-type.tool";
		};
/* End PBXNativeTarget section */

/* Begin PBXProject section */
		11D906861A2DAA2100EE43F2 /* Project object */ = {
			isa = PBXProject;
			attributes = {
				LastUpgradeCheck = 0610;
				ORGANIZATIONNAME = "Liu Yang";
				TargetAttributes = {
					11D9068D1A2DAA2100EE43F2 = {
						CreatedOnToolsVersion = 6.1;
					};
				};
			};
			buildConfigurationList = 11D906891A2DAA2100EE43F2 /* Build configuration list for PBXProject "BmiApp" */;
			compatibilityVersion = "Xcode 3.2";
			developmentRegion = English;
			hasScannedForEncodings = 0;
			knownRegions = (
				en,
			);
			mainGroup = 11D906851A2DAA2100EE43F2;
			productRefGroup = 11D9068F1A2DAA2100EE43F2 /* Products */;
			projectDirPath = "";
			projectRoot = "";
			targets = (
				11D9068D1A2DAA2100EE43F2 /* BmiApp */,
			);
		};
/* End PBXProject section */

/* Begin PBXSourcesBuildPhase section */
		11D9068A1A2DAA2100EE43F2 /* Sources */ = {
			isa = PBXSourcesBuildPhase;
			buildActionMask = 2147483647;
			files = (
				11D9069A1A2DAA7F00EE43F2 /* BmiProfile.cpp in Sources */,
				11D906921A2DAA2100EE43F2 /* main.cpp in Sources */,
			);
			runOnlyForDeploymentPostprocessing = 0;
		};
/* End PBXSourcesBuildPhase section */

/* Begin XCBuildConfiguration section */
		11D906931A2DAA2100EE43F2 /* Debug */ = {
			isa = XCBuildConfiguration;
			buildSettings = {
				ALWAYS_SEARCH_USER_PATHS = NO;
				CLANG_CXX_LANGUAGE_STANDARD = "gnu++0x";
				CLANG_CXX_LIBRARY = "libc++";
				CLANG_ENABLE_MODULES = YES;
				CLANG_ENABLE_OBJC_ARC = YES;
				CLANG_WARN_BOOL_CONVERSION = YES;
				CLANG_WARN_CONSTANT_CONVERSION = YES;
				CLANG_WARN_DIRECT_OBJC_ISA_USAGE = YES_ERROR;
				CLANG_WARN_EMPTY_BODY = YES;
				CLANG_WARN_ENUM_CONVERSION = YES;
				CLANG_WARN_INT_CONVERSION = YES;
				CLANG_WARN_OBJC_ROOT_CLASS = YES_ERROR;
				CLANG_WARN_UNREACHABLE_CODE = YES;
				CLANG_WARN__DUPLICATE_METHOD_MATCH = YES;
				COPY_PHASE_STRIP = NO;
				ENABLE_STRICT_OBJC_MSGSEND = YES;
				GCC_C_LANGUAGE_STANDARD = gnu99;
				GCC_DYNAMIC_NO_PIC = NO;
				GCC_OPTIMIZATION_LEVEL = 0;
				GCC_PREPROCESSOR_DEFINITIONS = (
					"DEBUG=1",
					"$(inherited)",
				);
				GCC_SYMBOLS_PRIVATE_EXTERN = NO;
				GCC_WARN_64_TO_32_BIT_CONVERSION = YES;
				GCC_WARN_ABOUT_RETURN_TYPE = YES_ERROR;
				GCC_WARN_UNDECLARED_SELECTOR = YES;
				GCC_WARN_UNINITIALIZED_AUTOS = YES_AGGRESSIVE;
				GCC_WARN_UNUSED_FUNCTION = YES;
				GCC_WARN_UNUSED_VARIABLE = YES;
				MACOSX_DEPLOYMENT_TARGET = 10.9;
				MTL_ENABLE_DEBUG_INFO = YES;
				ONLY_ACTIVE_ARCH = YES;
				SDKROOT = macosx;
			};
			name = Debug;
		};
		11D906941A2DAA2100EE43F2 /* Release */ = {
			isa = XCBuildConfiguration;
			buildSettings = {
				ALWAYS_SEARCH_USER_PATHS = NO;
				CLANG_CXX_LANGUAGE_STANDARD = "gnu++0x";
				CLANG_CXX_LIBRARY = "libc++";
				CLANG_ENABLE_MODULES = YES;
				CLANG_ENABLE_OBJC_ARC = YES;
				CLANG_WARN_BOOL_CONVERSION = YES;
				CLANG_WARN_CONSTANT_CONVERSION = YES;
				CLANG_WARN_DIRECT_OBJC_ISA_USAGE = YES_ERROR;
				CLANG_WARN_EMPTY_BODY = YES;
				CLANG_WARN_ENUM_CONVERSION = YES;
				CLANG_WARN_INT_CONVERSION = YES;
				CLANG_WARN_OBJC_ROOT_CLASS = YES_ERROR;
				CLANG_WARN_UNREACHABLE_CODE = YES;
				CLANG_WARN__DUPLICATE_METHOD_MATCH = YES;
				COPY_PHASE_STRIP = YES;
				DEBUG_INFORMATION_FORMAT = "dwarf-with-dsym";
				ENABLE_NS_ASSERTIONS = NO;
				ENABLE_STRICT_OBJC_MSGSEND = YES;
				GCC_C_LANGUAGE_STANDARD = gnu99;
				GCC_WARN_64_TO_32_BIT_CONVERSION = YES;
				GCC_WARN_ABOUT_RETURN_TYPE = YES_ERROR;
				GCC_WARN_UNDECLARED_SELECTOR = YES;
				GCC_WARN_UNINITIALIZED_AUTOS = YES_AGGRESSIVE;
				GCC_WARN_UNUSED_FUNCTION = YES;
				GCC_WARN_UNUSED_VARIABLE = YES;
				MACOSX_DEPLOYMENT_TARGET = 10.9;
				MTL_ENABLE_DEBUG_INFO = NO;
				SDKROOT = macosx;
			};
			name = Release;
		};
		11D906961A2DAA2100EE43F2 /* Debug */ = {
			isa = XCBuildConfiguration;
			buildSettings = {
				PRODUCT_NAME = "$(TARGET_NAME)";
			};
			name = Debug;
		};
		11D906971A2DAA2100EE43F2 /* Release */ = {
			isa = XCBuildConfiguration;
			buildSettings = {
				PRODUCT_NAME = "$(TARGET_NAME)";
			};
			name = Release;
		};
/* End XCBuildConfiguration section */

/* Begin XCConfigurationList section */
		11D906891A2DAA2100EE43F2 /* Build configuration list for PBXProject "BmiApp" */ = {
			isa = XCConfigurationList;
			buildConfigurations = (
				11D906931A2DAA2100EE43F2 /* Debug */,
				11D906941A2DAA2100EE43F2 /* Release */,
			);
			defaultConfigurationIsVisible = 0;
			defaultConfigurationName = Release;
		};
		11D906951A2DAA2100EE43F2 /* Build configuration list for PBXNativeTarget "BmiApp" */ = {
			isa = XCConfigurationList;
			buildConfigurations = (
				11D906961A2DAA2100EE43F2 /* Debug */,
				11D906971A2DAA2100EE43F2 /* Release */,
			);
			defaultConfigurationIsVisible = 0;
		};
/* End XCConfigurationList section */
	};
	rootObject = 11D906861A2DAA2100EE43F2 /* Project object */;
}
